// !$*UTF8*$!
{
	archiveVersion = 1;
	classes = {
	};
	objectVersion = 55;
	objects = {

/* Begin PBXBuildFile section */
		66167B41289FD5AC001F5887 /* AppDelegate.swift in Sources */ = {isa = PBXBuildFile; fileRef = 66167B40289FD5AC001F5887 /* AppDelegate.swift */; };
		66167B43289FD5AC001F5887 /* SceneDelegate.swift in Sources */ = {isa = PBXBuildFile; fileRef = 66167B42289FD5AC001F5887 /* SceneDelegate.swift */; };
		66167B45289FD5AC001F5887 /* BaseViewController.swift in Sources */ = {isa = PBXBuildFile; fileRef = 66167B44289FD5AC001F5887 /* BaseViewController.swift */; };
		66167B4A289FD5AD001F5887 /* Assets.xcassets in Resources */ = {isa = PBXBuildFile; fileRef = 66167B49289FD5AD001F5887 /* Assets.xcassets */; };
		66167B4D289FD5AD001F5887 /* LaunchScreen.storyboard in Resources */ = {isa = PBXBuildFile; fileRef = 66167B4B289FD5AD001F5887 /* LaunchScreen.storyboard */; };
		66167B58289FD5AD001F5887 /* PresentHierarchyTests.swift in Sources */ = {isa = PBXBuildFile; fileRef = 66167B57289FD5AD001F5887 /* PresentHierarchyTests.swift */; };
		66167B62289FD5AD001F5887 /* PresentHierarchyUITests.swift in Sources */ = {isa = PBXBuildFile; fileRef = 66167B61289FD5AD001F5887 /* PresentHierarchyUITests.swift */; };
		66167B64289FD5AD001F5887 /* PresentHierarchyUITestsLaunchTests.swift in Sources */ = {isa = PBXBuildFile; fileRef = 66167B63289FD5AD001F5887 /* PresentHierarchyUITestsLaunchTests.swift */; };
		66167B71289FD7C8001F5887 /* FirstViewController.swift in Sources */ = {isa = PBXBuildFile; fileRef = 66167B70289FD7C8001F5887 /* FirstViewController.swift */; };
		66167B73289FD8A6001F5887 /* ModalPresentationStyle+Extensions.swift in Sources */ = {isa = PBXBuildFile; fileRef = 66167B72289FD8A6001F5887 /* ModalPresentationStyle+Extensions.swift */; };
		66167B75289FD948001F5887 /* SecondViewController.swift in Sources */ = {isa = PBXBuildFile; fileRef = 66167B74289FD948001F5887 /* SecondViewController.swift */; };
		66167B7828A02A7B001F5887 /* ThirdViewController.swift in Sources */ = {isa = PBXBuildFile; fileRef = 66167B7728A02A7B001F5887 /* ThirdViewController.swift */; };
		66167B7A28A02BFB001F5887 /* FourthViewController.swift in Sources */ = {isa = PBXBuildFile; fileRef = 66167B7928A02BFB001F5887 /* FourthViewController.swift */; };
/* End PBXBuildFile section */

/* Begin PBXContainerItemProxy section */
		66167B54289FD5AD001F5887 /* PBXContainerItemProxy */ = {
			isa = PBXContainerItemProxy;
			containerPortal = 66167B35289FD5AC001F5887 /* Project object */;
			proxyType = 1;
			remoteGlobalIDString = 66167B3C289FD5AC001F5887;
			remoteInfo = PresentHierarchy;
		};
		66167B5E289FD5AD001F5887 /* PBXContainerItemProxy */ = {
			isa = PBXContainerItemProxy;
			containerPortal = 66167B35289FD5AC001F5887 /* Project object */;
			proxyType = 1;
			remoteGlobalIDString = 66167B3C289FD5AC001F5887;
			remoteInfo = PresentHierarchy;
		};
/* End PBXContainerItemProxy section */

/* Begin PBXFileReference section */
		66167B3D289FD5AC001F5887 /* PresentHierarchy.app */ = {isa = PBXFileReference; explicitFileType = wrapper.application; includeInIndex = 0; path = PresentHierarchy.app; sourceTree = BUILT_PRODUCTS_DIR; };
		66167B40289FD5AC001F5887 /* AppDelegate.swift */ = {isa = PBXFileReference; lastKnownFileType = sourcecode.swift; path = AppDelegate.swift; sourceTree = "<group>"; };
		66167B42289FD5AC001F5887 /* SceneDelegate.swift */ = {isa = PBXFileReference; lastKnownFileType = sourcecode.swift; path = SceneDelegate.swift; sourceTree = "<group>"; };
		66167B44289FD5AC001F5887 /* BaseViewController.swift */ = {isa = PBXFileReference; lastKnownFileType = sourcecode.swift; path = BaseViewController.swift; sourceTree = "<group>"; };
		66167B49289FD5AD001F5887 /* Assets.xcassets */ = {isa = PBXFileReference; lastKnownFileType = folder.assetcatalog; path = Assets.xcassets; sourceTree = "<group>"; };
		66167B4C289FD5AD001F5887 /* Base */ = {isa = PBXFileReference; lastKnownFileType = file.storyboard; name = Base; path = Base.lproj/LaunchScreen.storyboard; sourceTree = "<group>"; };
		66167B4E289FD5AD001F5887 /* Info.plist */ = {isa = PBXFileReference; lastKnownFileType = text.plist.xml; path = Info.plist; sourceTree = "<group>"; };
		66167B53289FD5AD001F5887 /* PresentHierarchyTests.xctest */ = {isa = PBXFileReference; explicitFileType = wrapper.cfbundle; includeInIndex = 0; path = PresentHierarchyTests.xctest; sourceTree = BUILT_PRODUCTS_DIR; };
		66167B57289FD5AD001F5887 /* PresentHierarchyTests.swift */ = {isa = PBXFileReference; lastKnownFileType = sourcecode.swift; path = PresentHierarchyTests.swift; sourceTree = "<group>"; };
		66167B5D289FD5AD001F5887 /* PresentHierarchyUITests.xctest */ = {isa = PBXFileReference; explicitFileType = wrapper.cfbundle; includeInIndex = 0; path = PresentHierarchyUITests.xctest; sourceTree = BUILT_PRODUCTS_DIR; };
		66167B61289FD5AD001F5887 /* PresentHierarchyUITests.swift */ = {isa = PBXFileReference; lastKnownFileType = sourcecode.swift; path = PresentHierarchyUITests.swift; sourceTree = "<group>"; };
		66167B63289FD5AD001F5887 /* PresentHierarchyUITestsLaunchTests.swift */ = {isa = PBXFileReference; lastKnownFileType = sourcecode.swift; path = PresentHierarchyUITestsLaunchTests.swift; sourceTree = "<group>"; };
		66167B70289FD7C8001F5887 /* FirstViewController.swift */ = {isa = PBXFileReference; lastKnownFileType = sourcecode.swift; path = FirstViewController.swift; sourceTree = "<group>"; };
		66167B72289FD8A6001F5887 /* ModalPresentationStyle+Extensions.swift */ = {isa = PBXFileReference; lastKnownFileType = sourcecode.swift; path = "ModalPresentationStyle+Extensions.swift"; sourceTree = "<group>"; };
		66167B74289FD948001F5887 /* SecondViewController.swift */ = {isa = PBXFileReference; lastKnownFileType = sourcecode.swift; path = SecondViewController.swift; sourceTree = "<group>"; };
		66167B7728A02A7B001F5887 /* ThirdViewController.swift */ = {isa = PBXFileReference; lastKnownFileType = sourcecode.swift; path = ThirdViewController.swift; sourceTree = "<group>"; };
		66167B7928A02BFB001F5887 /* FourthViewController.swift */ = {isa = PBXFileReference; lastKnownFileType = sourcecode.swift; path = FourthViewController.swift; sourceTree = "<group>"; };
/* End PBXFileReference section */

/* Begin PBXFrameworksBuildPhase section */
		66167B3A289FD5AC001F5887 /* Frameworks */ = {
			isa = PBXFrameworksBuildPhase;
			buildActionMask = 2147483647;
			files = (
			);
			runOnlyForDeploymentPostprocessing = 0;
		};
		66167B50289FD5AD001F5887 /* Frameworks */ = {
			isa = PBXFrameworksBuildPhase;
			buildActionMask = 2147483647;
			files = (
			);
			runOnlyForDeploymentPostprocessing = 0;
		};
		66167B5A289FD5AD001F5887 /* Frameworks */ = {
			isa = PBXFrameworksBuildPhase;
			buildActionMask = 2147483647;
			files = (
			);
			runOnlyForDeploymentPostprocessing = 0;
		};
/* End PBXFrameworksBuildPhase section */

/* Begin PBXGroup section */
		66167B34289FD5AC001F5887 = {
			isa = PBXGroup;
			children = (
				66167B3F289FD5AC001F5887 /* PresentHierarchy */,
				66167B56289FD5AD001F5887 /* PresentHierarchyTests */,
				66167B60289FD5AD001F5887 /* PresentHierarchyUITests */,
				66167B3E289FD5AC001F5887 /* Products */,
			);
			sourceTree = "<group>";
		};
		66167B3E289FD5AC001F5887 /* Products */ = {
			isa = PBXGroup;
			children = (
				66167B3D289FD5AC001F5887 /* PresentHierarchy.app */,
				66167B53289FD5AD001F5887 /* PresentHierarchyTests.xctest */,
				66167B5D289FD5AD001F5887 /* PresentHierarchyUITests.xctest */,
			);
			name = Products;
			sourceTree = "<group>";
		};
		66167B3F289FD5AC001F5887 /* PresentHierarchy */ = {
			isa = PBXGroup;
			children = (
				66167B7628A02A67001F5887 /* ViewControllers */,
				66167B40289FD5AC001F5887 /* AppDelegate.swift */,
				66167B42289FD5AC001F5887 /* SceneDelegate.swift */,
				66167B49289FD5AD001F5887 /* Assets.xcassets */,
				66167B4B289FD5AD001F5887 /* LaunchScreen.storyboard */,
				66167B4E289FD5AD001F5887 /* Info.plist */,
				66167B72289FD8A6001F5887 /* ModalPresentationStyle+Extensions.swift */,
			);
			path = PresentHierarchy;
			sourceTree = "<group>";
		};
		66167B56289FD5AD001F5887 /* PresentHierarchyTests */ = {
			isa = PBXGroup;
			children = (
				66167B57289FD5AD001F5887 /* PresentHierarchyTests.swift */,
			);
			path = PresentHierarchyTests;
			sourceTree = "<group>";
		};
		66167B60289FD5AD001F5887 /* PresentHierarchyUITests */ = {
			isa = PBXGroup;
			children = (
				66167B61289FD5AD001F5887 /* PresentHierarchyUITests.swift */,
				66167B63289FD5AD001F5887 /* PresentHierarchyUITestsLaunchTests.swift */,
			);
			path = PresentHierarchyUITests;
			sourceTree = "<group>";
		};
		66167B7628A02A67001F5887 /* ViewControllers */ = {
			isa = PBXGroup;
			children = (
				66167B44289FD5AC001F5887 /* BaseViewController.swift */,
				66167B70289FD7C8001F5887 /* FirstViewController.swift */,
				66167B74289FD948001F5887 /* SecondViewController.swift */,
				66167B7728A02A7B001F5887 /* ThirdViewController.swift */,
				66167B7928A02BFB001F5887 /* FourthViewController.swift */,
			);
			path = ViewControllers;
			sourceTree = "<group>";
		};
/* End PBXGroup section */

/* Begin PBXNativeTarget section */
		66167B3C289FD5AC001F5887 /* PresentHierarchy */ = {
			isa = PBXNativeTarget;
			buildConfigurationList = 66167B67289FD5AD001F5887 /* Build configuration list for PBXNativeTarget "PresentHierarchy" */;
			buildPhases = (
				66167B39289FD5AC001F5887 /* Sources */,
				66167B3A289FD5AC001F5887 /* Frameworks */,
				66167B3B289FD5AC001F5887 /* Resources */,
			);
			buildRules = (
			);
			dependencies = (
			);
			name = PresentHierarchy;
			productName = PresentHierarchy;
			productReference = 66167B3D289FD5AC001F5887 /* PresentHierarchy.app */;
			productType = "com.apple.product-type.application";
		};
		66167B52289FD5AD001F5887 /* PresentHierarchyTests */ = {
			isa = PBXNativeTarget;
			buildConfigurationList = 66167B6A289FD5AD001F5887 /* Build configuration list for PBXNativeTarget "PresentHierarchyTests" */;
			buildPhases = (
				66167B4F289FD5AD001F5887 /* Sources */,
				66167B50289FD5AD001F5887 /* Frameworks */,
				66167B51289FD5AD001F5887 /* Resources */,
			);
			buildRules = (
			);
			dependencies = (
				66167B55289FD5AD001F5887 /* PBXTargetDependency */,
			);
			name = PresentHierarchyTests;
			productName = PresentHierarchyTests;
			productReference = 66167B53289FD5AD001F5887 /* PresentHierarchyTests.xctest */;
			productType = "com.apple.product-type.bundle.unit-test";
		};
		66167B5C289FD5AD001F5887 /* PresentHierarchyUITests */ = {
			isa = PBXNativeTarget;
			buildConfigurationList = 66167B6D289FD5AD001F5887 /* Build configuration list for PBXNativeTarget "PresentHierarchyUITests" */;
			buildPhases = (
				66167B59289FD5AD001F5887 /* Sources */,
				66167B5A289FD5AD001F5887 /* Frameworks */,
				66167B5B289FD5AD001F5887 /* Resources */,
			);
			buildRules = (
			);
			dependencies = (
				66167B5F289FD5AD001F5887 /* PBXTargetDependency */,
			);
			name = PresentHierarchyUITests;
			productName = PresentHierarchyUITests;
			productReference = 66167B5D289FD5AD001F5887 /* PresentHierarchyUITests.xctest */;
			productType = "com.apple.product-type.bundle.ui-testing";
		};
/* End PBXNativeTarget section */

/* Begin PBXProject section */
		66167B35289FD5AC001F5887 /* Project object */ = {
			isa = PBXProject;
			attributes = {
				BuildIndependentTargetsInParallel = 1;
				LastSwiftUpdateCheck = 1330;
				LastUpgradeCheck = 1330;
				TargetAttributes = {
					66167B3C289FD5AC001F5887 = {
						CreatedOnToolsVersion = 13.3;
					};
					66167B52289FD5AD001F5887 = {
						CreatedOnToolsVersion = 13.3;
						TestTargetID = 66167B3C289FD5AC001F5887;
					};
					66167B5C289FD5AD001F5887 = {
						CreatedOnToolsVersion = 13.3;
						TestTargetID = 66167B3C289FD5AC001F5887;
					};
				};
			};
			buildConfigurationList = 66167B38289FD5AC001F5887 /* Build configuration list for PBXProject "PresentHierarchy" */;
			compatibilityVersion = "Xcode 13.0";
			developmentRegion = en;
			hasScannedForEncodings = 0;
			knownRegions = (
				en,
				Base,
			);
			mainGroup = 66167B34289FD5AC001F5887;
			productRefGroup = 66167B3E289FD5AC001F5887 /* Products */;
			projectDirPath = "";
			projectRoot = "";
			targets = (
				66167B3C289FD5AC001F5887 /* PresentHierarchy */,
				66167B52289FD5AD001F5887 /* PresentHierarchyTests */,
				66167B5C289FD5AD001F5887 /* PresentHierarchyUITests */,
			);
		};
/* End PBXProject section */

/* Begin PBXResourcesBuildPhase section */
		66167B3B289FD5AC001F5887 /* Resources */ = {
			isa = PBXResourcesBuildPhase;
			buildActionMask = 2147483647;
			files = (
				66167B4D289FD5AD001F5887 /* LaunchScreen.storyboard in Resources */,
				66167B4A289FD5AD001F5887 /* Assets.xcassets in Resources */,
			);
			runOnlyForDeploymentPostprocessing = 0;
		};
		66167B51289FD5AD001F5887 /* Resources */ = {
			isa = PBXResourcesBuildPhase;
			buildActionMask = 2147483647;
			files = (
			);
			runOnlyForDeploymentPostprocessing = 0;
		};
		66167B5B289FD5AD001F5887 /* Resources */ = {
			isa = PBXResourcesBuildPhase;
			buildActionMask = 2147483647;
			files = (
			);
			runOnlyForDeploymentPostprocessing = 0;
		};
/* End PBXResourcesBuildPhase section */

/* Begin PBXSourcesBuildPhase section */
		66167B39289FD5AC001F5887 /* Sources */ = {
			isa = PBXSourcesBuildPhase;
			buildActionMask = 2147483647;
			files = (
				66167B75289FD948001F5887 /* SecondViewController.swift in Sources */,
				66167B45289FD5AC001F5887 /* BaseViewController.swift in Sources */,
				66167B41289FD5AC001F5887 /* AppDelegate.swift in Sources */,
				66167B7828A02A7B001F5887 /* ThirdViewController.swift in Sources */,
				66167B7A28A02BFB001F5887 /* FourthViewController.swift in Sources */,
				66167B43289FD5AC001F5887 /* SceneDelegate.swift in Sources */,
				66167B73289FD8A6001F5887 /* ModalPresentationStyle+Extensions.swift in Sources */,
				66167B71289FD7C8001F5887 /* FirstViewController.swift in Sources */,
			);
			runOnlyForDeploymentPostprocessing = 0;
		};
		66167B4F289FD5AD001F5887 /* Sources */ = {
			isa = PBXSourcesBuildPhase;
			buildActionMask = 2147483647;
			files = (
				66167B58289FD5AD001F5887 /* PresentHierarchyTests.swift in Sources */,
			);
			runOnlyForDeploymentPostprocessing = 0;
		};
		66167B59289FD5AD001F5887 /* Sources */ = {
			isa = PBXSourcesBuildPhase;
			buildActionMask = 2147483647;
			files = (
				66167B64289FD5AD001F5887 /* PresentHierarchyUITestsLaunchTests.swift in Sources */,
				66167B62289FD5AD001F5887 /* PresentHierarchyUITests.swift in Sources */,
			);
			runOnlyForDeploymentPostprocessing = 0;
		};
/* End PBXSourcesBuildPhase section */

/* Begin PBXTargetDependency section */
		66167B55289FD5AD001F5887 /* PBXTargetDependency */ = {
			isa = PBXTargetDependency;
			target = 66167B3C289FD5AC001F5887 /* PresentHierarchy */;
			targetProxy = 66167B54289FD5AD001F5887 /* PBXContainerItemProxy */;
		};
		66167B5F289FD5AD001F5887 /* PBXTargetDependency */ = {
			isa = PBXTargetDependency;
			target = 66167B3C289FD5AC001F5887 /* PresentHierarchy */;
			targetProxy = 66167B5E289FD5AD001F5887 /* PBXContainerItemProxy */;
		};
/* End PBXTargetDependency section */

/* Begin PBXVariantGroup section */
		66167B4B289FD5AD001F5887 /* LaunchScreen.storyboard */ = {
			isa = PBXVariantGroup;
			children = (
				66167B4C289FD5AD001F5887 /* Base */,
			);
			name = LaunchScreen.storyboard;
			sourceTree = "<group>";
		};
/* End PBXVariantGroup section */

/* Begin XCBuildConfiguration section */
		66167B65289FD5AD001F5887 /* Debug */ = {
			isa = XCBuildConfiguration;
			buildSettings = {
				ALWAYS_SEARCH_USER_PATHS = NO;
				CLANG_ANALYZER_NONNULL = YES;
				CLANG_ANALYZER_NUMBER_OBJECT_CONVERSION = YES_AGGRESSIVE;
				CLANG_CXX_LANGUAGE_STANDARD = "gnu++17";
				CLANG_ENABLE_MODULES = YES;
				CLANG_ENABLE_OBJC_ARC = YES;
				CLANG_ENABLE_OBJC_WEAK = YES;
				CLANG_WARN_BLOCK_CAPTURE_AUTORELEASING = YES;
				CLANG_WARN_BOOL_CONVERSION = YES;
				CLANG_WARN_COMMA = YES;
				CLANG_WARN_CONSTANT_CONVERSION = YES;
				CLANG_WARN_DEPRECATED_OBJC_IMPLEMENTATIONS = YES;
				CLANG_WARN_DIRECT_OBJC_ISA_USAGE = YES_ERROR;
				CLANG_WARN_DOCUMENTATION_COMMENTS = YES;
				CLANG_WARN_EMPTY_BODY = YES;
				CLANG_WARN_ENUM_CONVERSION = YES;
				CLANG_WARN_INFINITE_RECURSION = YES;
				CLANG_WARN_INT_CONVERSION = YES;
				CLANG_WARN_NON_LITERAL_NULL_CONVERSION = YES;
				CLANG_WARN_OBJC_IMPLICIT_RETAIN_SELF = YES;
				CLANG_WARN_OBJC_LITERAL_CONVERSION = YES;
				CLANG_WARN_OBJC_ROOT_CLASS = YES_ERROR;
				CLANG_WARN_QUOTED_INCLUDE_IN_FRAMEWORK_HEADER = YES;
				CLANG_WARN_RANGE_LOOP_ANALYSIS = YES;
				CLANG_WARN_STRICT_PROTOTYPES = YES;
				CLANG_WARN_SUSPICIOUS_MOVE = YES;
				CLANG_WARN_UNGUARDED_AVAILABILITY = YES_AGGRESSIVE;
				CLANG_WARN_UNREACHABLE_CODE = YES;
				CLANG_WARN__DUPLICATE_METHOD_MATCH = YES;
				COPY_PHASE_STRIP = NO;
				DEBUG_INFORMATION_FORMAT = dwarf;
				ENABLE_STRICT_OBJC_MSGSEND = YES;
				ENABLE_TESTABILITY = YES;
				GCC_C_LANGUAGE_STANDARD = gnu11;
				GCC_DYNAMIC_NO_PIC = NO;
				GCC_NO_COMMON_BLOCKS = YES;
				GCC_OPTIMIZATION_LEVEL = 0;
				GCC_PREPROCESSOR_DEFINITIONS = (
					"DEBUG=1",
					"$(inherited)",
				);
				GCC_WARN_64_TO_32_BIT_CONVERSION = YES;
				GCC_WARN_ABOUT_RETURN_TYPE = YES_ERROR;
				GCC_WARN_UNDECLARED_SELECTOR = YES;
				GCC_WARN_UNINITIALIZED_AUTOS = YES_AGGRESSIVE;
				GCC_WARN_UNUSED_FUNCTION = YES;
				GCC_WARN_UNUSED_VARIABLE = YES;
				IPHONEOS_DEPLOYMENT_TARGET = 15.4;
				MTL_ENABLE_DEBUG_INFO = INCLUDE_SOURCE;
				MTL_FAST_MATH = YES;
				ONLY_ACTIVE_ARCH = YES;
				SDKROOT = iphoneos;
				SWIFT_ACTIVE_COMPILATION_CONDITIONS = DEBUG;
				SWIFT_OPTIMIZATION_LEVEL = "-Onone";
			};
			name = Debug;
		};
		66167B66289FD5AD001F5887 /* Release */ = {
			isa = XCBuildConfiguration;
			buildSettings = {
				ALWAYS_SEARCH_USER_PATHS = NO;
				CLANG_ANALYZER_NONNULL = YES;
				CLANG_ANALYZER_NUMBER_OBJECT_CONVERSION = YES_AGGRESSIVE;
				CLANG_CXX_LANGUAGE_STANDARD = "gnu++17";
				CLANG_ENABLE_MODULES = YES;
				CLANG_ENABLE_OBJC_ARC = YES;
				CLANG_ENABLE_OBJC_WEAK = YES;
				CLANG_WARN_BLOCK_CAPTURE_AUTORELEASING = YES;
				CLANG_WARN_BOOL_CONVERSION = YES;
				CLANG_WARN_COMMA = YES;
				CLANG_WARN_CONSTANT_CONVERSION = YES;
				CLANG_WARN_DEPRECATED_OBJC_IMPLEMENTATIONS = YES;
				CLANG_WARN_DIRECT_OBJC_ISA_USAGE = YES_ERROR;
				CLANG_WARN_DOCUMENTATION_COMMENTS = YES;
				CLANG_WARN_EMPTY_BODY = YES;
				CLANG_WARN_ENUM_CONVERSION = YES;
				CLANG_WARN_INFINITE_RECURSION = YES;
				CLANG_WARN_INT_CONVERSION = YES;
				CLANG_WARN_NON_LITERAL_NULL_CONVERSION = YES;
				CLANG_WARN_OBJC_IMPLICIT_RETAIN_SELF = YES;
				CLANG_WARN_OBJC_LITERAL_CONVERSION = YES;
				CLANG_WARN_OBJC_ROOT_CLASS = YES_ERROR;
				CLANG_WARN_QUOTED_INCLUDE_IN_FRAMEWORK_HEADER = YES;
				CLANG_WARN_RANGE_LOOP_ANALYSIS = YES;
				CLANG_WARN_STRICT_PROTOTYPES = YES;
				CLANG_WARN_SUSPICIOUS_MOVE = YES;
				CLANG_WARN_UNGUARDED_AVAILABILITY = YES_AGGRESSIVE;
				CLANG_WARN_UNREACHABLE_CODE = YES;
				CLANG_WARN__DUPLICATE_METHOD_MATCH = YES;
				COPY_PHASE_STRIP = NO;
				DEBUG_INFORMATION_FORMAT = "dwarf-with-dsym";
				ENABLE_NS_ASSERTIONS = NO;
				ENABLE_STRICT_OBJC_MSGSEND = YES;
				GCC_C_LANGUAGE_STANDARD = gnu11;
				GCC_NO_COMMON_BLOCKS = YES;
				GCC_WARN_64_TO_32_BIT_CONVERSION = YES;
				GCC_WARN_ABOUT_RETURN_TYPE = YES_ERROR;
				GCC_WARN_UNDECLARED_SELECTOR = YES;
				GCC_WARN_UNINITIALIZED_AUTOS = YES_AGGRESSIVE;
				GCC_WARN_UNUSED_FUNCTION = YES;
				GCC_WARN_UNUSED_VARIABLE = YES;
				IPHONEOS_DEPLOYMENT_TARGET = 15.4;
				MTL_ENABLE_DEBUG_INFO = NO;
				MTL_FAST_MATH = YES;
				SDKROOT = iphoneos;
				SWIFT_COMPILATION_MODE = wholemodule;
				SWIFT_OPTIMIZATION_LEVEL = "-O";
				VALIDATE_PRODUCT = YES;
			};
			name = Release;
		};
		66167B68289FD5AD001F5887 /* Debug */ = {
			isa = XCBuildConfiguration;
			buildSettings = {
				ASSETCATALOG_COMPILER_APPICON_NAME = AppIcon;
				ASSETCATALOG_COMPILER_GLOBAL_ACCENT_COLOR_NAME = AccentColor;
				CODE_SIGN_STYLE = Automatic;
				CURRENT_PROJECT_VERSION = 1;
				DEVELOPMENT_TEAM = R46U6DQZ9W;
				GENERATE_INFOPLIST_FILE = YES;
				INFOPLIST_FILE = PresentHierarchy/Info.plist;
				INFOPLIST_KEY_UIApplicationSupportsIndirectInputEvents = YES;
				INFOPLIST_KEY_UILaunchStoryboardName = LaunchScreen;
				INFOPLIST_KEY_UISupportedInterfaceOrientations_iPad = "UIInterfaceOrientationPortrait UIInterfaceOrientationPortraitUpsideDown UIInterfaceOrientationLandscapeLeft UIInterfaceOrientationLandscapeRight";
				INFOPLIST_KEY_UISupportedInterfaceOrientations_iPhone = "UIInterfaceOrientationPortrait UIInterfaceOrientationLandscapeLeft UIInterfaceOrientationLandscapeRight";
				LD_RUNPATH_SEARCH_PATHS = (
					"$(inherited)",
					"@executable_path/Frameworks",
				);
				MARKETING_VERSION = 1.0;
				PRODUCT_BUNDLE_IDENTIFIER = com.jun.PresentHierarchy;
				PRODUCT_NAME = "$(TARGET_NAME)";
				SWIFT_EMIT_LOC_STRINGS = YES;
				SWIFT_VERSION = 5.0;
				TARGETED_DEVICE_FAMILY = "1,2";
			};
			name = Debug;
		};
		66167B69289FD5AD001F5887 /* Release */ = {
			isa = XCBuildConfiguration;
			buildSettings = {
				ASSETCATALOG_COMPILER_APPICON_NAME = AppIcon;
				ASSETCATALOG_COMPILER_GLOBAL_ACCENT_COLOR_NAME = AccentColor;
				CODE_SIGN_STYLE = Automatic;
				CURRENT_PROJECT_VERSION = 1;
				DEVELOPMENT_TEAM = R46U6DQZ9W;
				GENERATE_INFOPLIST_FILE = YES;
				INFOPLIST_FILE = PresentHierarchy/Info.plist;
				INFOPLIST_KEY_UIApplicationSupportsIndirectInputEvents = YES;
				INFOPLIST_KEY_UILaunchStoryboardName = LaunchScreen;
				INFOPLIST_KEY_UISupportedInterfaceOrientations_iPad = "UIInterfaceOrientationPortrait UIInterfaceOrientationPortraitUpsideDown UIInterfaceOrientationLandscapeLeft UIInterfaceOrientationLandscapeRight";
				INFOPLIST_KEY_UISupportedInterfaceOrientations_iPhone = "UIInterfaceOrientationPortrait UIInterfaceOrientationLandscapeLeft UIInterfaceOrientationLandscapeRight";
				LD_RUNPATH_SEARCH_PATHS = (
					"$(inherited)",
					"@executable_path/Frameworks",
				);
				MARKETING_VERSION = 1.0;
				PRODUCT_BUNDLE_IDENTIFIER = com.jun.PresentHierarchy;
				PRODUCT_NAME = "$(TARGET_NAME)";
				SWIFT_EMIT_LOC_STRINGS = YES;
				SWIFT_VERSION = 5.0;
				TARGETED_DEVICE_FAMILY = "1,2";
			};
			name = Release;
		};
		66167B6B289FD5AD001F5887 /* Debug */ = {
			isa = XCBuildConfiguration;
			buildSettings = {
				ALWAYS_EMBED_SWIFT_STANDARD_LIBRARIES = YES;
				BUNDLE_LOADER = "$(TEST_HOST)";
				CODE_SIGN_STYLE = Automatic;
				CURRENT_PROJECT_VERSION = 1;
				DEVELOPMENT_TEAM = R46U6DQZ9W;
				GENERATE_INFOPLIST_FILE = YES;
				IPHONEOS_DEPLOYMENT_TARGET = 15.4;
				MARKETING_VERSION = 1.0;
				PRODUCT_BUNDLE_IDENTIFIER = com.jun.PresentHierarchyTests;
				PRODUCT_NAME = "$(TARGET_NAME)";
				SWIFT_EMIT_LOC_STRINGS = NO;
				SWIFT_VERSION = 5.0;
				TARGETED_DEVICE_FAMILY = "1,2";
				TEST_HOST = "$(BUILT_PRODUCTS_DIR)/PresentHierarchy.app/PresentHierarchy";
			};
			name = Debug;
		};
		66167B6C289FD5AD001F5887 /* Release */ = {
			isa = XCBuildConfiguration;
			buildSettings = {
				ALWAYS_EMBED_SWIFT_STANDARD_LIBRARIES = YES;
				BUNDLE_LOADER = "$(TEST_HOST)";
				CODE_SIGN_STYLE = Automatic;
				CURRENT_PROJECT_VERSION = 1;
				DEVELOPMENT_TEAM = R46U6DQZ9W;
				GENERATE_INFOPLIST_FILE = YES;
				IPHONEOS_DEPLOYMENT_TARGET = 15.4;
				MARKETING_VERSION = 1.0;
				PRODUCT_BUNDLE_IDENTIFIER = com.jun.PresentHierarchyTests;
				PRODUCT_NAME = "$(TARGET_NAME)";
				SWIFT_EMIT_LOC_STRINGS = NO;
				SWIFT_VERSION = 5.0;
				TARGETED_DEVICE_FAMILY = "1,2";
				TEST_HOST = "$(BUILT_PRODUCTS_DIR)/PresentHierarchy.app/PresentHierarchy";
			};
			name = Release;
		};
		66167B6E289FD5AD001F5887 /* Debug */ = {
			isa = XCBuildConfiguration;
			buildSettings = {
				ALWAYS_EMBED_SWIFT_STANDARD_LIBRARIES = YES;
				CODE_SIGN_STYLE = Automatic;
				CURRENT_PROJECT_VERSION = 1;
				DEVELOPMENT_TEAM = R46U6DQZ9W;
				GENERATE_INFOPLIST_FILE = YES;
				MARKETING_VERSION = 1.0;
				PRODUCT_BUNDLE_IDENTIFIER = com.jun.PresentHierarchyUITests;
				PRODUCT_NAME = "$(TARGET_NAME)";
				SWIFT_EMIT_LOC_STRINGS = NO;
				SWIFT_VERSION = 5.0;
				TARGETED_DEVICE_FAMILY = "1,2";
				TEST_TARGET_NAME = PresentHierarchy;
			};
			name = Debug;
		};
		66167B6F289FD5AD001F5887 /* Release */ = {
			isa = XCBuildConfiguration;
			buildSettings = {
				ALWAYS_EMBED_SWIFT_STANDARD_LIBRARIES = YES;
				CODE_SIGN_STYLE = Automatic;
				CURRENT_PROJECT_VERSION = 1;
				DEVELOPMENT_TEAM = R46U6DQZ9W;
				GENERATE_INFOPLIST_FILE = YES;
				MARKETING_VERSION = 1.0;
				PRODUCT_BUNDLE_IDENTIFIER = com.jun.PresentHierarchyUITests;
				PRODUCT_NAME = "$(TARGET_NAME)";
				SWIFT_EMIT_LOC_STRINGS = NO;
				SWIFT_VERSION = 5.0;
				TARGETED_DEVICE_FAMILY = "1,2";
				TEST_TARGET_NAME = PresentHierarchy;
			};
			name = Release;
		};
/* End XCBuildConfiguration section */

/* Begin XCConfigurationList section */
		66167B38289FD5AC001F5887 /* Build configuration list for PBXProject "PresentHierarchy" */ = {
			isa = XCConfigurationList;
			buildConfigurations = (
				66167B65289FD5AD001F5887 /* Debug */,
				66167B66289FD5AD001F5887 /* Release */,
			);
			defaultConfigurationIsVisible = 0;
			defaultConfigurationName = Release;
		};
		66167B67289FD5AD001F5887 /* Build configuration list for PBXNativeTarget "PresentHierarchy" */ = {
			isa = XCConfigurationList;
			buildConfigurations = (
				66167B68289FD5AD001F5887 /* Debug */,
				66167B69289FD5AD001F5887 /* Release */,
			);
			defaultConfigurationIsVisible = 0;
			defaultConfigurationName = Release;
		};
		66167B6A289FD5AD001F5887 /* Build configuration list for PBXNativeTarget "PresentHierarchyTests" */ = {
			isa = XCConfigurationList;
			buildConfigurations = (
				66167B6B289FD5AD001F5887 /* Debug */,
				66167B6C289FD5AD001F5887 /* Release */,
			);
			defaultConfigurationIsVisible = 0;
			defaultConfigurationName = Release;
		};
		66167B6D289FD5AD001F5887 /* Build configuration list for PBXNativeTarget "PresentHierarchyUITests" */ = {
			isa = XCConfigurationList;
			buildConfigurations = (
				66167B6E289FD5AD001F5887 /* Debug */,
				66167B6F289FD5AD001F5887 /* Release */,
			);
			defaultConfigurationIsVisible = 0;
			defaultConfigurationName = Release;
		};
/* End XCConfigurationList section */
	};
	rootObject = 66167B35289FD5AC001F5887 /* Project object */;
}
